<?xml version="1.0" encoding="utf-8"?>
<Project ToolsVersion="4.0" xmlns="http://schemas.microsoft.com/developer/msbuild/2003">
  <ItemGroup>
    <Filter Include="源文件">
      <UniqueIdentifier>{4FC737F1-C7A5-4376-A066-2A32D752A2FF}</UniqueIdentifier>
      <Extensions>cpp;c;cc;cxx;def;odl;idl;hpj;bat;asm;asmx</Extensions>
    </Filter>
    <Filter Include="头文件">
      <UniqueIdentifier>{93995380-89BD-4b04-88EB-625FBE52EBFB}</UniqueIdentifier>
      <Extensions>h;hh;hpp;hxx;hm;inl;inc;ipp;xsd</Extensions>
    </Filter>
    <Filter Include="资源文件">
      <UniqueIdentifier>{67DA6AB6-F800-4c08-8B7A-83BB121AAD01}</UniqueIdentifier>
      <Extensions>rc;ico;cur;bmp;dlg;rc2;rct;bin;rgs;gif;jpg;jpeg;jpe;resx;tiff;tif;png;wav;mfcribbon-ms</Extensions>
    </Filter>
  </ItemGroup>
  <ItemGroup>
    <ClInclude Include="TetrisPlace.h">
      <Filter>头文件</Filter>
    </ClInclude>
    <ClInclude Include="TetrisPlaceDlg.h">
      <Filter>头文件</Filter>
    </ClInclude>
    <ClInclude Include="stdafx.h">
      <Filter>头文件</Filter>
    </ClInclude>
    <ClInclude Include="targetver.h">
      <Filter>头文件</Filter>
    </ClInclude>
    <ClInclude Include="Resource.h">
      <Filter>头文件</Filter>
    </ClInclude>
    <ClInclude Include="SerialDlg.h">
      <Filter>头文件</Filter>
    </ClInclude>
    <ClInclude Include="third-party\WzSerialPort.h">
      <Filter>头文件</Filter>
    </ClInclude>
    <ClInclude Include="Arm.h">
      <Filter>头文件</Filter>
    </ClInclude>
    <ClInclude Include="TetrisAI.h">
      <Filter>头文件</Filter>
    </ClInclude>
    <ClInclude Include="NextBlockDlg.h">
      <Filter>头文件</Filter>
    </ClInclude>
    <ClInclude Include="BoardDlg.h">
      <Filter>头文件</Filter>
    </ClInclude>
    <ClInclude Include="ArmControlDlg.h">
      <Filter>头文件</Filter>
    </ClInclude>
    <ClInclude Include="CameraDlg.h">
      <Filter>头文件</Filter>
    </ClInclude>
    <ClInclude Include="third-party\CameraList.h">
      <Filter>头文件</Filter>
    </ClInclude>
    <ClInclude Include="third-party\EnumSerial.h">
      <Filter>头文件</Filter>
    </ClInclude>
    <ClInclude Include="config.h">
      <Filter>头文件</Filter>
    </ClInclude>
    <ClInclude Include="ConnectDlg.h">
      <Filter>头文件</Filter>
    </ClInclude>
  </ItemGroup>
  <ItemGroup>
    <ClCompile Include="TetrisPlace.cpp">
      <Filter>源文件</Filter>
    </ClCompile>
    <ClCompile Include="TetrisPlaceDlg.cpp">
      <Filter>源文件</Filter>
    </ClCompile>
    <ClCompile Include="stdafx.cpp">
      <Filter>源文件</Filter>
    </ClCompile>
    <ClCompile Include="SerialDlg.cpp">
      <Filter>源文件</Filter>
    </ClCompile>
    <ClCompile Include="third-party\WzSerialPort.cpp">
      <Filter>源文件</Filter>
    </ClCompile>
    <ClCompile Include="Arm.cpp">
      <Filter>源文件</Filter>
    </ClCompile>
    <ClCompile Include="TetrisAI.cpp">
      <Filter>源文件</Filter>
    </ClCompile>
    <ClCompile Include="NextBlockDlg.cpp">
      <Filter>源文件</Filter>
    </ClCompile>
    <ClCompile Include="BoardDlg.cpp">
      <Filter>源文件</Filter>
    </ClCompile>
    <ClCompile Include="ArmControlDlg.cpp">
      <Filter>源文件</Filter>
    </ClCompile>
    <ClCompile Include="CameraDlg.cpp">
      <Filter>源文件</Filter>
    </ClCompile>
    <ClCompile Include="third-party\EnumSerial.cpp">
      <Filter>源文件</Filter>
    </ClCompile>
    <ClCompile Include="ConnectDlg.cpp">
      <Filter>源文件</Filter>
    </ClCompile>
    <ClCompile Include="third-party\CameraList.cpp">
      <Filter>源文件</Filter>
    </ClCompile>
  </ItemGroup>
  <ItemGroup>
    <ResourceCompile Include="TetrisPlace.rc">
      <Filter>资源文件</Filter>
    </ResourceCompile>
  </ItemGroup>
  <ItemGroup>
    <None Include="res\TetrisPlace.rc2">
      <Filter>资源文件</Filter>
    </None>
  </ItemGroup>
  <ItemGroup>
    <Image Include="res\TetrisPlace.ico">
      <Filter>资源文件</Filter>
    </Image>
  </ItemGroup>
</Project>